
Microsoft Visual Studio Solution File, Format Version 12.00
# Visual Studio Version 16
VisualStudioVersion = 16.0.31729.503
MinimumVisualStudioVersion = 10.0.40219.1
Project("{FAE04EC0-301F-11D3-BF4B-00C04F79EFBC}") = "Lojadeprodutos", "Lojadeprodutos\Lojadeprodutos.csproj", "{AA6936DF-F79E-43DD-BEE4-AAE18CE4E115}"
EndProject
Global
	GlobalSection(SolutionConfigurationPlatforms) = preSolution
		Debug|Any CPU = Debug|Any CPU
		Release|Any CPU = Release|Any CPU
	EndGlobalSection
	GlobalSection(ProjectConfigurationPlatforms) = postSolution
		{AA6936DF-F79E-43DD-BEE4-AAE18CE4E115}.Debug|Any CPU.ActiveCfg = Debug|Any CPU
		{AA6936DF-F79E-43DD-BEE4-AAE18CE4E115}.Debug|Any CPU.Build.0 = Debug|Any CPU
		{AA6936DF-F79E-43DD-BEE4-AAE18CE4E115}.Release|Any CPU.ActiveCfg = Release|Any CPU
		{AA6936DF-F79E-43DD-BEE4-AAE18CE4E115}.Release|Any CPU.Build.0 = Release|Any CPU
	EndGlobalSection
	GlobalSection(SolutionProperties) = preSolution
		HideSolutionNode = FALSE
	EndGlobalSection
	GlobalSection(ExtensibilityGlobals) = postSolution
		SolutionGuid = {F01DEF60-D504-4538-B295-DA59D6D2BD37}
	EndGlobalSection
EndGlobal
